
Microsoft Visual Studio Solution File, Format Version 12.00
Project("{FAE04EC0-301F-11D3-BF4B-00C04F79EFBC}") = "Maicom.Customers.WebApi", "src\Maicom.Customers.WebApi\Maicom.Customers.WebApi.csproj", "{0E92CEB9-AED0-464F-9FDC-A0511FBE1A50}"
EndProject
Project("{FAE04EC0-301F-11D3-BF4B-00C04F79EFBC}") = "Maicom.Customers.WebApiTests", "test\Maicom.Customers.WebApiTests\Maicom.Customers.WebApiTests.csproj", "{11D75E27-F26D-4D2A-82F1-03D684286B1B}"
EndProject
Global
	GlobalSection(SolutionConfigurationPlatforms) = preSolution
		Debug|Any CPU = Debug|Any CPU
		Release|Any CPU = Release|Any CPU
	EndGlobalSection
	GlobalSection(ProjectConfigurationPlatforms) = postSolution
		{0E92CEB9-AED0-464F-9FDC-A0511FBE1A50}.Debug|Any CPU.ActiveCfg = Debug|Any CPU
		{0E92CEB9-AED0-464F-9FDC-A0511FBE1A50}.Debug|Any CPU.Build.0 = Debug|Any CPU
		{0E92CEB9-AED0-464F-9FDC-A0511FBE1A50}.Release|Any CPU.ActiveCfg = Release|Any CPU
		{0E92CEB9-AED0-464F-9FDC-A0511FBE1A50}.Release|Any CPU.Build.0 = Release|Any CPU
		{11D75E27-F26D-4D2A-82F1-03D684286B1B}.Debug|Any CPU.ActiveCfg = Debug|Any CPU
		{11D75E27-F26D-4D2A-82F1-03D684286B1B}.Debug|Any CPU.Build.0 = Debug|Any CPU
		{11D75E27-F26D-4D2A-82F1-03D684286B1B}.Release|Any CPU.ActiveCfg = Release|Any CPU
		{11D75E27-F26D-4D2A-82F1-03D684286B1B}.Release|Any CPU.Build.0 = Release|Any CPU
	EndGlobalSection
EndGlobal
